
Microsoft Visual Studio Solution File, Format Version 12.00
# Visual Studio Version 16
VisualStudioVersion = 16.0.29230.47
MinimumVisualStudioVersion = 10.0.40219.1
Project("{6EC3EE1D-3C4E-46DD-8F32-0CC8E7565705}") = "LibFFXIV.GameData", "LibFFXIV.GameData\LibFFXIV.GameData.fsproj", "{EE879DDD-F086-4496-A802-94347995BC9C}"
EndProject
Project("{2150E333-8FDC-42A3-9474-1A3956D46DE8}") = "Solution Items", "Solution Items", "{383D0FF0-67F4-41DA-8A92-B1B6E95E9D2B}"
	ProjectSection(SolutionItems) = preProject
		Readme.md = Readme.md
	EndProjectSection
EndProject
Project("{6EC3EE1D-3C4E-46DD-8F32-0CC8E7565705}") = "LibFFXIV.Network", "LibFFXIV.Network\LibFFXIV.Network.fsproj", "{84AE55EC-118D-464A-8C79-BC34B57626AF}"
EndProject
Project("{6EC3EE1D-3C4E-46DD-8F32-0CC8E7565705}") = "LibFFXIV.GameData-test", "LibFFXIV.GameData-test\LibFFXIV.GameData-test.fsproj", "{F9113831-B3A8-4F59-BCE0-135ED12E2FA2}"
EndProject
Global
	GlobalSection(SolutionConfigurationPlatforms) = preSolution
		Debug|Any CPU = Debug|Any CPU
		Release|Any CPU = Release|Any CPU
	EndGlobalSection
	GlobalSection(ProjectConfigurationPlatforms) = postSolution
		{EE879DDD-F086-4496-A802-94347995BC9C}.Debug|Any CPU.ActiveCfg = Debug|Any CPU
		{EE879DDD-F086-4496-A802-94347995BC9C}.Debug|Any CPU.Build.0 = Debug|Any CPU
		{EE879DDD-F086-4496-A802-94347995BC9C}.Release|Any CPU.ActiveCfg = Release|Any CPU
		{EE879DDD-F086-4496-A802-94347995BC9C}.Release|Any CPU.Build.0 = Release|Any CPU
		{84AE55EC-118D-464A-8C79-BC34B57626AF}.Debug|Any CPU.ActiveCfg = Debug|Any CPU
		{84AE55EC-118D-464A-8C79-BC34B57626AF}.Debug|Any CPU.Build.0 = Debug|Any CPU
		{84AE55EC-118D-464A-8C79-BC34B57626AF}.Release|Any CPU.ActiveCfg = Release|Any CPU
		{84AE55EC-118D-464A-8C79-BC34B57626AF}.Release|Any CPU.Build.0 = Release|Any CPU
		{F9113831-B3A8-4F59-BCE0-135ED12E2FA2}.Debug|Any CPU.ActiveCfg = Debug|Any CPU
		{F9113831-B3A8-4F59-BCE0-135ED12E2FA2}.Debug|Any CPU.Build.0 = Debug|Any CPU
		{F9113831-B3A8-4F59-BCE0-135ED12E2FA2}.Release|Any CPU.ActiveCfg = Release|Any CPU
		{F9113831-B3A8-4F59-BCE0-135ED12E2FA2}.Release|Any CPU.Build.0 = Release|Any CPU
	EndGlobalSection
	GlobalSection(SolutionProperties) = preSolution
		HideSolutionNode = FALSE
	EndGlobalSection
	GlobalSection(ExtensibilityGlobals) = postSolution
		SolutionGuid = {6118F984-8A4E-4037-BB03-152B3C7E1F77}
	EndGlobalSection
EndGlobal
